{
  "name": "netology-nd-drone-cafe",
  "version": "1.0.0",
  "lockfileVersion": 1,
  "requires": true,
  "dependencies": {
    "netology-fake-drone-api": {
      "version": "1.0.1",
      "resolved": "https://registry.npmjs.org/netology-fake-drone-api/-/netology-fake-drone-api-1.0.1.tgz",
      "integrity": "sha1-IQqZiOgBE8syUJFv43gWDtZ+0sk="
    }
  }
}
